// !$*UTF8*$!
{
	archiveVersion = 1;
	classes = {
	};
	objectVersion = 50;
	objects = {

/* Begin PBXBuildFile section */
		3AABD4892286E80400E1F10D /* AppDelegate.swift in Sources */ = {isa = PBXBuildFile; fileRef = 3AABD4882286E80400E1F10D /* AppDelegate.swift */; };
		3AABD48B2286E80400E1F10D /* ViewController.swift in Sources */ = {isa = PBXBuildFile; fileRef = 3AABD48A2286E80400E1F10D /* ViewController.swift */; };
		3AABD48E2286E80400E1F10D /* Main.storyboard in Resources */ = {isa = PBXBuildFile; fileRef = 3AABD48C2286E80400E1F10D /* Main.storyboard */; };
		3AABD4902286E80700E1F10D /* Assets.xcassets in Resources */ = {isa = PBXBuildFile; fileRef = 3AABD48F2286E80700E1F10D /* Assets.xcassets */; };
		3AABD49B2286E87300E1F10D /* Launch Screen.storyboard in Resources */ = {isa = PBXBuildFile; fileRef = 3AABD49A2286E87300E1F10D /* Launch Screen.storyboard */; };
		3AABD49D2286E99F00E1F10D /* DeviceConfig.swift in Sources */ = {isa = PBXBuildFile; fileRef = 3AABD49C2286E99F00E1F10D /* DeviceConfig.swift */; };
/* End PBXBuildFile section */

/* Begin PBXFileReference section */
		3AABD4852286E80300E1F10D /* NetworkStatusCheckEx.app */ = {isa = PBXFileReference; explicitFileType = wrapper.application; includeInIndex = 0; path = NetworkStatusCheckEx.app; sourceTree = BUILT_PRODUCTS_DIR; };
		3AABD4882286E80400E1F10D /* AppDelegate.swift */ = {isa = PBXFileReference; lastKnownFileType = sourcecode.swift; path = AppDelegate.swift; sourceTree = "<group>"; };
		3AABD48A2286E80400E1F10D /* ViewController.swift */ = {isa = PBXFileReference; lastKnownFileType = sourcecode.swift; path = ViewController.swift; sourceTree = "<group>"; };
		3AABD48D2286E80400E1F10D /* Base */ = {isa = PBXFileReference; lastKnownFileType = file.storyboard; name = Base; path = Base.lproj/Main.storyboard; sourceTree = "<group>"; };
		3AABD48F2286E80700E1F10D /* Assets.xcassets */ = {isa = PBXFileReference; lastKnownFileType = folder.assetcatalog; path = Assets.xcassets; sourceTree = "<group>"; };
		3AABD4942286E80700E1F10D /* Info.plist */ = {isa = PBXFileReference; lastKnownFileType = text.plist.xml; path = Info.plist; sourceTree = "<group>"; };
		3AABD49A2286E87300E1F10D /* Launch Screen.storyboard */ = {isa = PBXFileReference; lastKnownFileType = file.storyboard; path = "Launch Screen.storyboard"; sourceTree = "<group>"; };
		3AABD49C2286E99F00E1F10D /* DeviceConfig.swift */ = {isa = PBXFileReference; lastKnownFileType = sourcecode.swift; path = DeviceConfig.swift; sourceTree = "<group>"; };
/* End PBXFileReference section */

/* Begin PBXFrameworksBuildPhase section */
		3AABD4822286E80300E1F10D /* Frameworks */ = {
			isa = PBXFrameworksBuildPhase;
			buildActionMask = 2147483647;
			files = (
			);
			runOnlyForDeploymentPostprocessing = 0;
		};
/* End PBXFrameworksBuildPhase section */

/* Begin PBXGroup section */
		3AABD47C2286E80300E1F10D = {
			isa = PBXGroup;
			children = (
				3AABD4872286E80300E1F10D /* NetworkStatusCheckEx */,
				3AABD4862286E80300E1F10D /* Products */,
			);
			sourceTree = "<group>";
		};
		3AABD4862286E80300E1F10D /* Products */ = {
			isa = PBXGroup;
			children = (
				3AABD4852286E80300E1F10D /* NetworkStatusCheckEx.app */,
			);
			name = Products;
			sourceTree = "<group>";
		};
		3AABD4872286E80300E1F10D /* NetworkStatusCheckEx */ = {
			isa = PBXGroup;
			children = (
				3AABD4882286E80400E1F10D /* AppDelegate.swift */,
				3AABD48A2286E80400E1F10D /* ViewController.swift */,
				3AABD49C2286E99F00E1F10D /* DeviceConfig.swift */,
				3AABD48C2286E80400E1F10D /* Main.storyboard */,
				3AABD48F2286E80700E1F10D /* Assets.xcassets */,
				3AABD49A2286E87300E1F10D /* Launch Screen.storyboard */,
				3AABD4942286E80700E1F10D /* Info.plist */,
			);
			path = NetworkStatusCheckEx;
			sourceTree = "<group>";
		};
/* End PBXGroup section */

/* Begin PBXNativeTarget section */
		3AABD4842286E80300E1F10D /* NetworkStatusCheckEx */ = {
			isa = PBXNativeTarget;
			buildConfigurationList = 3AABD4972286E80700E1F10D /* Build configuration list for PBXNativeTarget "NetworkStatusCheckEx" */;
			buildPhases = (
				3AABD4812286E80300E1F10D /* Sources */,
				3AABD4822286E80300E1F10D /* Frameworks */,
				3AABD4832286E80300E1F10D /* Resources */,
			);
			buildRules = (
			);
			dependencies = (
			);
			name = NetworkStatusCheckEx;
			productName = NetworkStatusCheckEx;
			productReference = 3AABD4852286E80300E1F10D /* NetworkStatusCheckEx.app */;
			productType = "com.apple.product-type.application";
		};
/* End PBXNativeTarget section */

/* Begin PBXProject section */
		3AABD47D2286E80300E1F10D /* Project object */ = {
			isa = PBXProject;
			attributes = {
				LastSwiftUpdateCheck = 1020;
				LastUpgradeCheck = 1020;
				ORGANIZATIONNAME = MinominoDomino;
				TargetAttributes = {
					3AABD4842286E80300E1F10D = {
						CreatedOnToolsVersion = 10.2.1;
					};
				};
			};
			buildConfigurationList = 3AABD4802286E80300E1F10D /* Build configuration list for PBXProject "NetworkStatusCheckEx" */;
			compatibilityVersion = "Xcode 9.3";
			developmentRegion = en;
			hasScannedForEncodings = 0;
			knownRegions = (
				en,
				Base,
			);
			mainGroup = 3AABD47C2286E80300E1F10D;
			productRefGroup = 3AABD4862286E80300E1F10D /* Products */;
			projectDirPath = "";
			projectRoot = "";
			targets = (
				3AABD4842286E80300E1F10D /* NetworkStatusCheckEx */,
			);
		};
/* End PBXProject section */

/* Begin PBXResourcesBuildPhase section */
		3AABD4832286E80300E1F10D /* Resources */ = {
			isa = PBXResourcesBuildPhase;
			buildActionMask = 2147483647;
			files = (
				3AABD4902286E80700E1F10D /* Assets.xcassets in Resources */,
				3AABD49B2286E87300E1F10D /* Launch Screen.storyboard in Resources */,
				3AABD48E2286E80400E1F10D /* Main.storyboard in Resources */,
			);
			runOnlyForDeploymentPostprocessing = 0;
		};
/* End PBXResourcesBuildPhase section */

/* Begin PBXSourcesBuildPhase section */
		3AABD4812286E80300E1F10D /* Sources */ = {
			isa = PBXSourcesBuildPhase;
			buildActionMask = 2147483647;
			files = (
				3AABD49D2286E99F00E1F10D /* DeviceConfig.swift in Sources */,
				3AABD48B2286E80400E1F10D /* ViewController.swift in Sources */,
				3AABD4892286E80400E1F10D /* AppDelegate.swift in Sources */,
			);
			runOnlyForDeploymentPostprocessing = 0;
		};
/* End PBXSourcesBuildPhase section */

/* Begin PBXVariantGroup section */
		3AABD48C2286E80400E1F10D /* Main.storyboard */ = {
			isa = PBXVariantGroup;
			children = (
				3AABD48D2286E80400E1F10D /* Base */,
			);
			name = Main.storyboard;
			sourceTree = "<group>";
		};
/* End PBXVariantGroup section */

/* Begin XCBuildConfiguration section */
		3AABD4952286E80700E1F10D /* Debug */ = {
			isa = XCBuildConfiguration;
			buildSettings = {
				ALWAYS_SEARCH_USER_PATHS = NO;
				CLANG_ANALYZER_NONNULL = YES;
				CLANG_ANALYZER_NUMBER_OBJECT_CONVERSION = YES_AGGRESSIVE;
				CLANG_CXX_LANGUAGE_STANDARD = "gnu++14";
				CLANG_CXX_LIBRARY = "libc++";
				CLANG_ENABLE_MODULES = YES;
				CLANG_ENABLE_OBJC_ARC = YES;
				CLANG_ENABLE_OBJC_WEAK = YES;
				CLANG_WARN_BLOCK_CAPTURE_AUTORELEASING = YES;
				CLANG_WARN_BOOL_CONVERSION = YES;
				CLANG_WARN_COMMA = YES;
				CLANG_WARN_CONSTANT_CONVERSION = YES;
				CLANG_WARN_DEPRECATED_OBJC_IMPLEMENTATIONS = YES;
				CLANG_WARN_DIRECT_OBJC_ISA_USAGE = YES_ERROR;
				CLANG_WARN_DOCUMENTATION_COMMENTS = YES;
				CLANG_WARN_EMPTY_BODY = YES;
				CLANG_WARN_ENUM_CONVERSION = YES;
				CLANG_WARN_INFINITE_RECURSION = YES;
				CLANG_WARN_INT_CONVERSION = YES;
				CLANG_WARN_NON_LITERAL_NULL_CONVERSION = YES;
				CLANG_WARN_OBJC_IMPLICIT_RETAIN_SELF = YES;
				CLANG_WARN_OBJC_LITERAL_CONVERSION = YES;
				CLANG_WARN_OBJC_ROOT_CLASS = YES_ERROR;
				CLANG_WARN_RANGE_LOOP_ANALYSIS = YES;
				CLANG_WARN_STRICT_PROTOTYPES = YES;
				CLANG_WARN_SUSPICIOUS_MOVE = YES;
				CLANG_WARN_UNGUARDED_AVAILABILITY = YES_AGGRESSIVE;
				CLANG_WARN_UNREACHABLE_CODE = YES;
				CLANG_WARN__DUPLICATE_METHOD_MATCH = YES;
				CODE_SIGN_IDENTITY = "iPhone Developer";
				COPY_PHASE_STRIP = NO;
				DEBUG_INFORMATION_FORMAT = dwarf;
				ENABLE_STRICT_OBJC_MSGSEND = YES;
				ENABLE_TESTABILITY = YES;
				GCC_C_LANGUAGE_STANDARD = gnu11;
				GCC_DYNAMIC_NO_PIC = NO;
				GCC_NO_COMMON_BLOCKS = YES;
				GCC_OPTIMIZATION_LEVEL = 0;
				GCC_PREPROCESSOR_DEFINITIONS = (
					"DEBUG=1",
					"$(inherited)",
				);
				GCC_WARN_64_TO_32_BIT_CONVERSION = YES;
				GCC_WARN_ABOUT_RETURN_TYPE = YES_ERROR;
				GCC_WARN_UNDECLARED_SELECTOR = YES;
				GCC_WARN_UNINITIALIZED_AUTOS = YES_AGGRESSIVE;
				GCC_WARN_UNUSED_FUNCTION = YES;
				GCC_WARN_UNUSED_VARIABLE = YES;
				IPHONEOS_DEPLOYMENT_TARGET = 12.2;
				MTL_ENABLE_DEBUG_INFO = INCLUDE_SOURCE;
				MTL_FAST_MATH = YES;
				ONLY_ACTIVE_ARCH = YES;
				SDKROOT = iphoneos;
				SWIFT_ACTIVE_COMPILATION_CONDITIONS = DEBUG;
				SWIFT_OPTIMIZATION_LEVEL = "-Onone";
			};
			name = Debug;
		};
		3AABD4962286E80700E1F10D /* Release */ = {
			isa = XCBuildConfiguration;
			buildSettings = {
				ALWAYS_SEARCH_USER_PATHS = NO;
				CLANG_ANALYZER_NONNULL = YES;
				CLANG_ANALYZER_NUMBER_OBJECT_CONVERSION = YES_AGGRESSIVE;
				CLANG_CXX_LANGUAGE_STANDARD = "gnu++14";
				CLANG_CXX_LIBRARY = "libc++";
				CLANG_ENABLE_MODULES = YES;
				CLANG_ENABLE_OBJC_ARC = YES;
				CLANG_ENABLE_OBJC_WEAK = YES;
				CLANG_WARN_BLOCK_CAPTURE_AUTORELEASING = YES;
				CLANG_WARN_BOOL_CONVERSION = YES;
				CLANG_WARN_COMMA = YES;
				CLANG_WARN_CONSTANT_CONVERSION = YES;
				CLANG_WARN_DEPRECATED_OBJC_IMPLEMENTATIONS = YES;
				CLANG_WARN_DIRECT_OBJC_ISA_USAGE = YES_ERROR;
				CLANG_WARN_DOCUMENTATION_COMMENTS = YES;
				CLANG_WARN_EMPTY_BODY = YES;
				CLANG_WARN_ENUM_CONVERSION = YES;
				CLANG_WARN_INFINITE_RECURSION = YES;
				CLANG_WARN_INT_CONVERSION = YES;
				CLANG_WARN_NON_LITERAL_NULL_CONVERSION = YES;
				CLANG_WARN_OBJC_IMPLICIT_RETAIN_SELF = YES;
				CLANG_WARN_OBJC_LITERAL_CONVERSION = YES;
				CLANG_WARN_OBJC_ROOT_CLASS = YES_ERROR;
				CLANG_WARN_RANGE_LOOP_ANALYSIS = YES;
				CLANG_WARN_STRICT_PROTOTYPES = YES;
				CLANG_WARN_SUSPICIOUS_MOVE = YES;
				CLANG_WARN_UNGUARDED_AVAILABILITY = YES_AGGRESSIVE;
				CLANG_WARN_UNREACHABLE_CODE = YES;
				CLANG_WARN__DUPLICATE_METHOD_MATCH = YES;
				CODE_SIGN_IDENTITY = "iPhone Developer";
				COPY_PHASE_STRIP = NO;
				DEBUG_INFORMATION_FORMAT = "dwarf-with-dsym";
				ENABLE_NS_ASSERTIONS = NO;
				ENABLE_STRICT_OBJC_MSGSEND = YES;
				GCC_C_LANGUAGE_STANDARD = gnu11;
				GCC_NO_COMMON_BLOCKS = YES;
				GCC_WARN_64_TO_32_BIT_CONVERSION = YES;
				GCC_WARN_ABOUT_RETURN_TYPE = YES_ERROR;
				GCC_WARN_UNDECLARED_SELECTOR = YES;
				GCC_WARN_UNINITIALIZED_AUTOS = YES_AGGRESSIVE;
				GCC_WARN_UNUSED_FUNCTION = YES;
				GCC_WARN_UNUSED_VARIABLE = YES;
				IPHONEOS_DEPLOYMENT_TARGET = 12.2;
				MTL_ENABLE_DEBUG_INFO = NO;
				MTL_FAST_MATH = YES;
				SDKROOT = iphoneos;
				SWIFT_COMPILATION_MODE = wholemodule;
				SWIFT_OPTIMIZATION_LEVEL = "-O";
				VALIDATE_PRODUCT = YES;
			};
			name = Release;
		};
		3AABD4982286E80700E1F10D /* Debug */ = {
			isa = XCBuildConfiguration;
			buildSettings = {
				ASSETCATALOG_COMPILER_APPICON_NAME = AppIcon;
				CODE_SIGN_STYLE = Automatic;
				DEVELOPMENT_TEAM = 2VSMYAFS84;
				INFOPLIST_FILE = NetworkStatusCheckEx/Info.plist;
				LD_RUNPATH_SEARCH_PATHS = (
					"$(inherited)",
					"@executable_path/Frameworks",
				);
				PRODUCT_BUNDLE_IDENTIFIER = io.github.minominodomino.NetworkStatusCheckEx;
				PRODUCT_NAME = "$(TARGET_NAME)";
				SWIFT_VERSION = 5.0;
				TARGETED_DEVICE_FAMILY = "1,2";
			};
			name = Debug;
		};
		3AABD4992286E80700E1F10D /* Release */ = {
			isa = XCBuildConfiguration;
			buildSettings = {
				ASSETCATALOG_COMPILER_APPICON_NAME = AppIcon;
				CODE_SIGN_STYLE = Automatic;
				DEVELOPMENT_TEAM = 2VSMYAFS84;
				INFOPLIST_FILE = NetworkStatusCheckEx/Info.plist;
				LD_RUNPATH_SEARCH_PATHS = (
					"$(inherited)",
					"@executable_path/Frameworks",
				);
				PRODUCT_BUNDLE_IDENTIFIER = io.github.minominodomino.NetworkStatusCheckEx;
				PRODUCT_NAME = "$(TARGET_NAME)";
				SWIFT_VERSION = 5.0;
				TARGETED_DEVICE_FAMILY = "1,2";
			};
			name = Release;
		};
/* End XCBuildConfiguration section */

/* Begin XCConfigurationList section */
		3AABD4802286E80300E1F10D /* Build configuration list for PBXProject "NetworkStatusCheckEx" */ = {
			isa = XCConfigurationList;
			buildConfigurations = (
				3AABD4952286E80700E1F10D /* Debug */,
				3AABD4962286E80700E1F10D /* Release */,
			);
			defaultConfigurationIsVisible = 0;
			defaultConfigurationName = Release;
		};
		3AABD4972286E80700E1F10D /* Build configuration list for PBXNativeTarget "NetworkStatusCheckEx" */ = {
			isa = XCConfigurationList;
			buildConfigurations = (
				3AABD4982286E80700E1F10D /* Debug */,
				3AABD4992286E80700E1F10D /* Release */,
			);
			defaultConfigurationIsVisible = 0;
			defaultConfigurationName = Release;
		};
/* End XCConfigurationList section */
	};
	rootObject = 3AABD47D2286E80300E1F10D /* Project object */;
}
